// !$*UTF8*$!
{
	archiveVersion = 1;
	classes = {
	};
	objectVersion = 46;
	objects = {

/* Begin PBXBuildFile section */
		4605E07A160AA0DD0084A958 /* UIKit.framework in Frameworks */ = {isa = PBXBuildFile; fileRef = 4605E079160AA0DD0084A958 /* UIKit.framework */; };
		4605E07C160AA0DD0084A958 /* Foundation.framework in Frameworks */ = {isa = PBXBuildFile; fileRef = 4605E07B160AA0DD0084A958 /* Foundation.framework */; };
		4605E07E160AA0DD0084A958 /* CoreGraphics.framework in Frameworks */ = {isa = PBXBuildFile; fileRef = 4605E07D160AA0DD0084A958 /* CoreGraphics.framework */; };
		4605E084160AA0DD0084A958 /* InfoPlist.strings in Resources */ = {isa = PBXBuildFile; fileRef = 4605E082160AA0DD0084A958 /* InfoPlist.strings */; };
		4605E086160AA0DD0084A958 /* main.m in Sources */ = {isa = PBXBuildFile; fileRef = 4605E085160AA0DD0084A958 /* main.m */; };
		4605E08A160AA0DD0084A958 /* CalculatorAppDelegate.m in Sources */ = {isa = PBXBuildFile; fileRef = 4605E089160AA0DD0084A958 /* CalculatorAppDelegate.m */; };
		4605E08D160AA0DD0084A958 /* MainStoryboard.storyboard in Resources */ = {isa = PBXBuildFile; fileRef = 4605E08B160AA0DD0084A958 /* MainStoryboard.storyboard */; };
		4605E090160AA0DD0084A958 /* CalculatorViewController.m in Sources */ = {isa = PBXBuildFile; fileRef = 4605E08F160AA0DD0084A958 /* CalculatorViewController.m */; };
/* End PBXBuildFile section */

/* Begin PBXFileReference section */
		4605E075160AA0DD0084A958 /* Calculator.app */ = {isa = PBXFileReference; explicitFileType = wrapper.application; includeInIndex = 0; path = Calculator.app; sourceTree = BUILT_PRODUCTS_DIR; };
		4605E079160AA0DD0084A958 /* UIKit.framework */ = {isa = PBXFileReference; lastKnownFileType = wrapper.framework; name = UIKit.framework; path = System/Library/Frameworks/UIKit.framework; sourceTree = SDKROOT; };
		4605E07B160AA0DD0084A958 /* Foundation.framework */ = {isa = PBXFileReference; lastKnownFileType = wrapper.framework; name = Foundation.framework; path = System/Library/Frameworks/Foundation.framework; sourceTree = SDKROOT; };
		4605E07D160AA0DD0084A958 /* CoreGraphics.framework */ = {isa = PBXFileReference; lastKnownFileType = wrapper.framework; name = CoreGraphics.framework; path = System/Library/Frameworks/CoreGraphics.framework; sourceTree = SDKROOT; };
		4605E081160AA0DD0084A958 /* Calculator-Info.plist */ = {isa = PBXFileReference; lastKnownFileType = text.plist.xml; path = "Calculator-Info.plist"; sourceTree = "<group>"; };
		4605E083160AA0DD0084A958 /* en */ = {isa = PBXFileReference; lastKnownFileType = text.plist.strings; name = en; path = en.lproj/InfoPlist.strings; sourceTree = "<group>"; };
		4605E085160AA0DD0084A958 /* main.m */ = {isa = PBXFileReference; lastKnownFileType = sourcecode.c.objc; path = main.m; sourceTree = "<group>"; };
		4605E087160AA0DD0084A958 /* Calculator-Prefix.pch */ = {isa = PBXFileReference; lastKnownFileType = sourcecode.c.h; path = "Calculator-Prefix.pch"; sourceTree = "<group>"; };
		4605E088160AA0DD0084A958 /* CalculatorAppDelegate.h */ = {isa = PBXFileReference; lastKnownFileType = sourcecode.c.h; path = CalculatorAppDelegate.h; sourceTree = "<group>"; };
		4605E089160AA0DD0084A958 /* CalculatorAppDelegate.m */ = {isa = PBXFileReference; lastKnownFileType = sourcecode.c.objc; path = CalculatorAppDelegate.m; sourceTree = "<group>"; };
		4605E08C160AA0DD0084A958 /* en */ = {isa = PBXFileReference; lastKnownFileType = file.storyboard; name = en; path = en.lproj/MainStoryboard.storyboard; sourceTree = "<group>"; };
		4605E08E160AA0DD0084A958 /* CalculatorViewController.h */ = {isa = PBXFileReference; lastKnownFileType = sourcecode.c.h; path = CalculatorViewController.h; sourceTree = "<group>"; };
		4605E08F160AA0DD0084A958 /* CalculatorViewController.m */ = {isa = PBXFileReference; lastKnownFileType = sourcecode.c.objc; path = CalculatorViewController.m; sourceTree = "<group>"; };
/* End PBXFileReference section */

/* Begin PBXFrameworksBuildPhase section */
		4605E072160AA0DD0084A958 /* Frameworks */ = {
			isa = PBXFrameworksBuildPhase;
			buildActionMask = 2147483647;
			files = (
				4605E07A160AA0DD0084A958 /* UIKit.framework in Frameworks */,
				4605E07C160AA0DD0084A958 /* Foundation.framework in Frameworks */,
				4605E07E160AA0DD0084A958 /* CoreGraphics.framework in Frameworks */,
			);
			runOnlyForDeploymentPostprocessing = 0;
		};
/* End PBXFrameworksBuildPhase section */

/* Begin PBXGroup section */
		4605E06A160AA0DD0084A958 = {
			isa = PBXGroup;
			children = (
				4605E07F160AA0DD0084A958 /* Calculator */,
				4605E078160AA0DD0084A958 /* Frameworks */,
				4605E076160AA0DD0084A958 /* Products */,
			);
			sourceTree = "<group>";
		};
		4605E076160AA0DD0084A958 /* Products */ = {
			isa = PBXGroup;
			children = (
				4605E075160AA0DD0084A958 /* Calculator.app */,
			);
			name = Products;
			sourceTree = "<group>";
		};
		4605E078160AA0DD0084A958 /* Frameworks */ = {
			isa = PBXGroup;
			children = (
				4605E079160AA0DD0084A958 /* UIKit.framework */,
				4605E07B160AA0DD0084A958 /* Foundation.framework */,
				4605E07D160AA0DD0084A958 /* CoreGraphics.framework */,
			);
			name = Frameworks;
			sourceTree = "<group>";
		};
		4605E07F160AA0DD0084A958 /* Calculator */ = {
			isa = PBXGroup;
			children = (
				4605E088160AA0DD0084A958 /* CalculatorAppDelegate.h */,
				4605E089160AA0DD0084A958 /* CalculatorAppDelegate.m */,
				4605E08B160AA0DD0084A958 /* MainStoryboard.storyboard */,
				4605E08E160AA0DD0084A958 /* CalculatorViewController.h */,
				4605E08F160AA0DD0084A958 /* CalculatorViewController.m */,
				4605E080160AA0DD0084A958 /* Supporting Files */,
			);
			path = Calculator;
			sourceTree = "<group>";
		};
		4605E080160AA0DD0084A958 /* Supporting Files */ = {
			isa = PBXGroup;
			children = (
				4605E081160AA0DD0084A958 /* Calculator-Info.plist */,
				4605E082160AA0DD0084A958 /* InfoPlist.strings */,
				4605E085160AA0DD0084A958 /* main.m */,
				4605E087160AA0DD0084A958 /* Calculator-Prefix.pch */,
			);
			name = "Supporting Files";
			sourceTree = "<group>";
		};
/* End PBXGroup section */

/* Begin PBXNativeTarget section */
		4605E074160AA0DD0084A958 /* Calculator */ = {
			isa = PBXNativeTarget;
			buildConfigurationList = 4605E093160AA0DD0084A958 /* Build configuration list for PBXNativeTarget "Calculator" */;
			buildPhases = (
				4605E071160AA0DD0084A958 /* Sources */,
				4605E072160AA0DD0084A958 /* Frameworks */,
				4605E073160AA0DD0084A958 /* Resources */,
			);
			buildRules = (
			);
			dependencies = (
			);
			name = Calculator;
			productName = Calculator;
			productReference = 4605E075160AA0DD0084A958 /* Calculator.app */;
			productType = "com.apple.product-type.application";
		};
/* End PBXNativeTarget section */

/* Begin PBXProject section */
		4605E06C160AA0DD0084A958 /* Project object */ = {
			isa = PBXProject;
			attributes = {
				CLASSPREFIX = Calculator;
				LastUpgradeCheck = 0440;
				ORGANIZATIONNAME = q10;
			};
			buildConfigurationList = 4605E06F160AA0DD0084A958 /* Build configuration list for PBXProject "Calculator" */;
			compatibilityVersion = "Xcode 3.2";
			developmentRegion = English;
			hasScannedForEncodings = 0;
			knownRegions = (
				en,
			);
			mainGroup = 4605E06A160AA0DD0084A958;
			productRefGroup = 4605E076160AA0DD0084A958 /* Products */;
			projectDirPath = "";
			projectRoot = "";
			targets = (
				4605E074160AA0DD0084A958 /* Calculator */,
			);
		};
/* End PBXProject section */

/* Begin PBXResourcesBuildPhase section */
		4605E073160AA0DD0084A958 /* Resources */ = {
			isa = PBXResourcesBuildPhase;
			buildActionMask = 2147483647;
			files = (
				4605E084160AA0DD0084A958 /* InfoPlist.strings in Resources */,
				4605E08D160AA0DD0084A958 /* MainStoryboard.storyboard in Resources */,
			);
			runOnlyForDeploymentPostprocessing = 0;
		};
/* End PBXResourcesBuildPhase section */

/* Begin PBXSourcesBuildPhase section */
		4605E071160AA0DD0084A958 /* Sources */ = {
			isa = PBXSourcesBuildPhase;
			buildActionMask = 2147483647;
			files = (
				4605E086160AA0DD0084A958 /* main.m in Sources */,
				4605E08A160AA0DD0084A958 /* CalculatorAppDelegate.m in Sources */,
				4605E090160AA0DD0084A958 /* CalculatorViewController.m in Sources */,
			);
			runOnlyForDeploymentPostprocessing = 0;
		};
/* End PBXSourcesBuildPhase section */

/* Begin PBXVariantGroup section */
		4605E082160AA0DD0084A958 /* InfoPlist.strings */ = {
			isa = PBXVariantGroup;
			children = (
				4605E083160AA0DD0084A958 /* en */,
			);
			name = InfoPlist.strings;
			sourceTree = "<group>";
		};
		4605E08B160AA0DD0084A958 /* MainStoryboard.storyboard */ = {
			isa = PBXVariantGroup;
			children = (
				4605E08C160AA0DD0084A958 /* en */,
			);
			name = MainStoryboard.storyboard;
			sourceTree = "<group>";
		};
/* End PBXVariantGroup section */

/* Begin XCBuildConfiguration section */
		4605E091160AA0DD0084A958 /* Debug */ = {
			isa = XCBuildConfiguration;
			buildSettings = {
				ALWAYS_SEARCH_USER_PATHS = NO;
				ARCHS = "$(ARCHS_STANDARD_32_BIT)";
				CLANG_CXX_LANGUAGE_STANDARD = "gnu++0x";
				CLANG_ENABLE_OBJC_ARC = YES;
				CLANG_WARN__DUPLICATE_METHOD_MATCH = YES;
				"CODE_SIGN_IDENTITY[sdk=iphoneos*]" = "iPhone Developer";
				COPY_PHASE_STRIP = NO;
				GCC_C_LANGUAGE_STANDARD = gnu99;
				GCC_DYNAMIC_NO_PIC = NO;
				GCC_OPTIMIZATION_LEVEL = 0;
				GCC_PREPROCESSOR_DEFINITIONS = (
					"DEBUG=1",
					"$(inherited)",
				);
				GCC_SYMBOLS_PRIVATE_EXTERN = NO;
				GCC_VERSION = com.apple.compilers.llvm.clang.1_0;
				GCC_WARN_ABOUT_RETURN_TYPE = YES;
				GCC_WARN_UNINITIALIZED_AUTOS = YES;
				GCC_WARN_UNUSED_VARIABLE = YES;
				IPHONEOS_DEPLOYMENT_TARGET = 5.1;
				SDKROOT = iphoneos;
			};
			name = Debug;
		};
		4605E092160AA0DD0084A958 /* Release */ = {
			isa = XCBuildConfiguration;
			buildSettings = {
				ALWAYS_SEARCH_USER_PATHS = NO;
				ARCHS = "$(ARCHS_STANDARD_32_BIT)";
				CLANG_CXX_LANGUAGE_STANDARD = "gnu++0x";
				CLANG_ENABLE_OBJC_ARC = YES;
				CLANG_WARN__DUPLICATE_METHOD_MATCH = YES;
				"CODE_SIGN_IDENTITY[sdk=iphoneos*]" = "iPhone Developer";
				COPY_PHASE_STRIP = YES;
				GCC_C_LANGUAGE_STANDARD = gnu99;
				GCC_VERSION = com.apple.compilers.llvm.clang.1_0;
				GCC_WARN_ABOUT_RETURN_TYPE = YES;
				GCC_WARN_UNINITIALIZED_AUTOS = YES;
				GCC_WARN_UNUSED_VARIABLE = YES;
				IPHONEOS_DEPLOYMENT_TARGET = 5.1;
				OTHER_CFLAGS = "-DNS_BLOCK_ASSERTIONS=1";
				SDKROOT = iphoneos;
				VALIDATE_PRODUCT = YES;
			};
			name = Release;
		};
		4605E094160AA0DD0084A958 /* Debug */ = {
			isa = XCBuildConfiguration;
			buildSettings = {
				GCC_PRECOMPILE_PREFIX_HEADER = YES;
				GCC_PREFIX_HEADER = "Calculator/Calculator-Prefix.pch";
				INFOPLIST_FILE = "Calculator/Calculator-Info.plist";
				PRODUCT_NAME = "$(TARGET_NAME)";
				WRAPPER_EXTENSION = app;
			};
			name = Debug;
		};
		4605E095160AA0DD0084A958 /* Release */ = {
			isa = XCBuildConfiguration;
			buildSettings = {
				GCC_PRECOMPILE_PREFIX_HEADER = YES;
				GCC_PREFIX_HEADER = "Calculator/Calculator-Prefix.pch";
				INFOPLIST_FILE = "Calculator/Calculator-Info.plist";
				PRODUCT_NAME = "$(TARGET_NAME)";
				WRAPPER_EXTENSION = app;
			};
			name = Release;
		};
/* End XCBuildConfiguration section */

/* Begin XCConfigurationList section */
		4605E06F160AA0DD0084A958 /* Build configuration list for PBXProject "Calculator" */ = {
			isa = XCConfigurationList;
			buildConfigurations = (
				4605E091160AA0DD0084A958 /* Debug */,
				4605E092160AA0DD0084A958 /* Release */,
			);
			defaultConfigurationIsVisible = 0;
			defaultConfigurationName = Release;
		};
		4605E093160AA0DD0084A958 /* Build configuration list for PBXNativeTarget "Calculator" */ = {
			isa = XCConfigurationList;
			buildConfigurations = (
				4605E094160AA0DD0084A958 /* Debug */,
				4605E095160AA0DD0084A958 /* Release */,
			);
			defaultConfigurationIsVisible = 0;
		};
/* End XCConfigurationList section */
	};
	rootObject = 4605E06C160AA0DD0084A958 /* Project object */;
}
